// !$*UTF8*$!
{
	archiveVersion = 1;
	classes = {
	};
	objectVersion = 50;
	objects = {

/* Begin PBXBuildFile section */
		7A7CDF5721EA1A11005E1893 /* AppDelegate.swift in Sources */ = {isa = PBXBuildFile; fileRef = 7A7CDF5621EA1A11005E1893 /* AppDelegate.swift */; };
		7A7CDF5921EA1A11005E1893 /* ViewController.swift in Sources */ = {isa = PBXBuildFile; fileRef = 7A7CDF5821EA1A11005E1893 /* ViewController.swift */; };
		7A7CDF5C21EA1A11005E1893 /* Main.storyboard in Resources */ = {isa = PBXBuildFile; fileRef = 7A7CDF5A21EA1A11005E1893 /* Main.storyboard */; };
		7A7CDF5E21EA1A14005E1893 /* Assets.xcassets in Resources */ = {isa = PBXBuildFile; fileRef = 7A7CDF5D21EA1A14005E1893 /* Assets.xcassets */; };
		7A7CDF6121EA1A14005E1893 /* LaunchScreen.storyboard in Resources */ = {isa = PBXBuildFile; fileRef = 7A7CDF5F21EA1A14005E1893 /* LaunchScreen.storyboard */; };
		7A7CDF6C21EA1A14005E1893 /* OthelloTests.swift in Sources */ = {isa = PBXBuildFile; fileRef = 7A7CDF6B21EA1A14005E1893 /* OthelloTests.swift */; };
		7A7CDF7721EA1A14005E1893 /* OthelloUITests.swift in Sources */ = {isa = PBXBuildFile; fileRef = 7A7CDF7621EA1A14005E1893 /* OthelloUITests.swift */; };
		7A7CDF8521EF4595005E1893 /* 盤面.png in Resources */ = {isa = PBXBuildFile; fileRef = 7A7CDF8421EF4595005E1893 /* 盤面.png */; };
		7A7CDF8721EF47EE005E1893 /* 白石.png in Resources */ = {isa = PBXBuildFile; fileRef = 7A7CDF8621EF47EE005E1893 /* 白石.png */; };
		7A7CDF8921EF480A005E1893 /* 黒石.png in Resources */ = {isa = PBXBuildFile; fileRef = 7A7CDF8821EF4809005E1893 /* 黒石.png */; };
/* End PBXBuildFile section */

/* Begin PBXContainerItemProxy section */
		7A7CDF6821EA1A14005E1893 /* PBXContainerItemProxy */ = {
			isa = PBXContainerItemProxy;
			containerPortal = 7A7CDF4B21EA1A11005E1893 /* Project object */;
			proxyType = 1;
			remoteGlobalIDString = 7A7CDF5221EA1A11005E1893;
			remoteInfo = Othello;
		};
		7A7CDF7321EA1A14005E1893 /* PBXContainerItemProxy */ = {
			isa = PBXContainerItemProxy;
			containerPortal = 7A7CDF4B21EA1A11005E1893 /* Project object */;
			proxyType = 1;
			remoteGlobalIDString = 7A7CDF5221EA1A11005E1893;
			remoteInfo = Othello;
		};
/* End PBXContainerItemProxy section */

/* Begin PBXFileReference section */
		7A7CDF5321EA1A11005E1893 /* Othello.app */ = {isa = PBXFileReference; explicitFileType = wrapper.application; includeInIndex = 0; path = Othello.app; sourceTree = BUILT_PRODUCTS_DIR; };
		7A7CDF5621EA1A11005E1893 /* AppDelegate.swift */ = {isa = PBXFileReference; lastKnownFileType = sourcecode.swift; path = AppDelegate.swift; sourceTree = "<group>"; };
		7A7CDF5821EA1A11005E1893 /* ViewController.swift */ = {isa = PBXFileReference; lastKnownFileType = sourcecode.swift; path = ViewController.swift; sourceTree = "<group>"; };
		7A7CDF5B21EA1A11005E1893 /* Base */ = {isa = PBXFileReference; lastKnownFileType = file.storyboard; name = Base; path = Base.lproj/Main.storyboard; sourceTree = "<group>"; };
		7A7CDF5D21EA1A14005E1893 /* Assets.xcassets */ = {isa = PBXFileReference; lastKnownFileType = folder.assetcatalog; path = Assets.xcassets; sourceTree = "<group>"; };
		7A7CDF6021EA1A14005E1893 /* Base */ = {isa = PBXFileReference; lastKnownFileType = file.storyboard; name = Base; path = Base.lproj/LaunchScreen.storyboard; sourceTree = "<group>"; };
		7A7CDF6221EA1A14005E1893 /* Info.plist */ = {isa = PBXFileReference; lastKnownFileType = text.plist.xml; path = Info.plist; sourceTree = "<group>"; };
		7A7CDF6721EA1A14005E1893 /* OthelloTests.xctest */ = {isa = PBXFileReference; explicitFileType = wrapper.cfbundle; includeInIndex = 0; path = OthelloTests.xctest; sourceTree = BUILT_PRODUCTS_DIR; };
		7A7CDF6B21EA1A14005E1893 /* OthelloTests.swift */ = {isa = PBXFileReference; lastKnownFileType = sourcecode.swift; path = OthelloTests.swift; sourceTree = "<group>"; };
		7A7CDF6D21EA1A14005E1893 /* Info.plist */ = {isa = PBXFileReference; lastKnownFileType = text.plist.xml; path = Info.plist; sourceTree = "<group>"; };
		7A7CDF7221EA1A14005E1893 /* OthelloUITests.xctest */ = {isa = PBXFileReference; explicitFileType = wrapper.cfbundle; includeInIndex = 0; path = OthelloUITests.xctest; sourceTree = BUILT_PRODUCTS_DIR; };
		7A7CDF7621EA1A14005E1893 /* OthelloUITests.swift */ = {isa = PBXFileReference; lastKnownFileType = sourcecode.swift; path = OthelloUITests.swift; sourceTree = "<group>"; };
		7A7CDF7821EA1A14005E1893 /* Info.plist */ = {isa = PBXFileReference; lastKnownFileType = text.plist.xml; path = Info.plist; sourceTree = "<group>"; };
		7A7CDF8421EF4595005E1893 /* 盤面.png */ = {isa = PBXFileReference; lastKnownFileType = image.png; path = "盤面.png"; sourceTree = "<group>"; };
		7A7CDF8621EF47EE005E1893 /* 白石.png */ = {isa = PBXFileReference; lastKnownFileType = image.png; path = "白石.png"; sourceTree = "<group>"; };
		7A7CDF8821EF4809005E1893 /* 黒石.png */ = {isa = PBXFileReference; lastKnownFileType = image.png; path = "黒石.png"; sourceTree = "<group>"; };
/* End PBXFileReference section */

/* Begin PBXFrameworksBuildPhase section */
		7A7CDF5021EA1A11005E1893 /* Frameworks */ = {
			isa = PBXFrameworksBuildPhase;
			buildActionMask = 2147483647;
			files = (
			);
			runOnlyForDeploymentPostprocessing = 0;
		};
		7A7CDF6421EA1A14005E1893 /* Frameworks */ = {
			isa = PBXFrameworksBuildPhase;
			buildActionMask = 2147483647;
			files = (
			);
			runOnlyForDeploymentPostprocessing = 0;
		};
		7A7CDF6F21EA1A14005E1893 /* Frameworks */ = {
			isa = PBXFrameworksBuildPhase;
			buildActionMask = 2147483647;
			files = (
			);
			runOnlyForDeploymentPostprocessing = 0;
		};
/* End PBXFrameworksBuildPhase section */

/* Begin PBXGroup section */
		7A7CDF4A21EA1A11005E1893 = {
			isa = PBXGroup;
			children = (
				7A7CDF5521EA1A11005E1893 /* Othello */,
				7A7CDF6A21EA1A14005E1893 /* OthelloTests */,
				7A7CDF7521EA1A14005E1893 /* OthelloUITests */,
				7A7CDF5421EA1A11005E1893 /* Products */,
			);
			sourceTree = "<group>";
		};
		7A7CDF5421EA1A11005E1893 /* Products */ = {
			isa = PBXGroup;
			children = (
				7A7CDF5321EA1A11005E1893 /* Othello.app */,
				7A7CDF6721EA1A14005E1893 /* OthelloTests.xctest */,
				7A7CDF7221EA1A14005E1893 /* OthelloUITests.xctest */,
			);
			name = Products;
			sourceTree = "<group>";
		};
		7A7CDF5521EA1A11005E1893 /* Othello */ = {
			isa = PBXGroup;
			children = (
				7A7CDF5621EA1A11005E1893 /* AppDelegate.swift */,
				7A7CDF5821EA1A11005E1893 /* ViewController.swift */,
				7A7CDF5A21EA1A11005E1893 /* Main.storyboard */,
				7A7CDF8421EF4595005E1893 /* 盤面.png */,
				7A7CDF8621EF47EE005E1893 /* 白石.png */,
				7A7CDF8821EF4809005E1893 /* 黒石.png */,
				7A7CDF5D21EA1A14005E1893 /* Assets.xcassets */,
				7A7CDF5F21EA1A14005E1893 /* LaunchScreen.storyboard */,
				7A7CDF6221EA1A14005E1893 /* Info.plist */,
			);
			path = Othello;
			sourceTree = "<group>";
		};
		7A7CDF6A21EA1A14005E1893 /* OthelloTests */ = {
			isa = PBXGroup;
			children = (
				7A7CDF6B21EA1A14005E1893 /* OthelloTests.swift */,
				7A7CDF6D21EA1A14005E1893 /* Info.plist */,
			);
			path = OthelloTests;
			sourceTree = "<group>";
		};
		7A7CDF7521EA1A14005E1893 /* OthelloUITests */ = {
			isa = PBXGroup;
			children = (
				7A7CDF7621EA1A14005E1893 /* OthelloUITests.swift */,
				7A7CDF7821EA1A14005E1893 /* Info.plist */,
			);
			path = OthelloUITests;
			sourceTree = "<group>";
		};
/* End PBXGroup section */

/* Begin PBXNativeTarget section */
		7A7CDF5221EA1A11005E1893 /* Othello */ = {
			isa = PBXNativeTarget;
			buildConfigurationList = 7A7CDF7B21EA1A14005E1893 /* Build configuration list for PBXNativeTarget "Othello" */;
			buildPhases = (
				7A7CDF4F21EA1A11005E1893 /* Sources */,
				7A7CDF5021EA1A11005E1893 /* Frameworks */,
				7A7CDF5121EA1A11005E1893 /* Resources */,
			);
			buildRules = (
			);
			dependencies = (
			);
			name = Othello;
			productName = Othello;
			productReference = 7A7CDF5321EA1A11005E1893 /* Othello.app */;
			productType = "com.apple.product-type.application";
		};
		7A7CDF6621EA1A14005E1893 /* OthelloTests */ = {
			isa = PBXNativeTarget;
			buildConfigurationList = 7A7CDF7E21EA1A14005E1893 /* Build configuration list for PBXNativeTarget "OthelloTests" */;
			buildPhases = (
				7A7CDF6321EA1A14005E1893 /* Sources */,
				7A7CDF6421EA1A14005E1893 /* Frameworks */,
				7A7CDF6521EA1A14005E1893 /* Resources */,
			);
			buildRules = (
			);
			dependencies = (
				7A7CDF6921EA1A14005E1893 /* PBXTargetDependency */,
			);
			name = OthelloTests;
			productName = OthelloTests;
			productReference = 7A7CDF6721EA1A14005E1893 /* OthelloTests.xctest */;
			productType = "com.apple.product-type.bundle.unit-test";
		};
		7A7CDF7121EA1A14005E1893 /* OthelloUITests */ = {
			isa = PBXNativeTarget;
			buildConfigurationList = 7A7CDF8121EA1A14005E1893 /* Build configuration list for PBXNativeTarget "OthelloUITests" */;
			buildPhases = (
				7A7CDF6E21EA1A14005E1893 /* Sources */,
				7A7CDF6F21EA1A14005E1893 /* Frameworks */,
				7A7CDF7021EA1A14005E1893 /* Resources */,
			);
			buildRules = (
			);
			dependencies = (
				7A7CDF7421EA1A14005E1893 /* PBXTargetDependency */,
			);
			name = OthelloUITests;
			productName = OthelloUITests;
			productReference = 7A7CDF7221EA1A14005E1893 /* OthelloUITests.xctest */;
			productType = "com.apple.product-type.bundle.ui-testing";
		};
/* End PBXNativeTarget section */

/* Begin PBXProject section */
		7A7CDF4B21EA1A11005E1893 /* Project object */ = {
			isa = PBXProject;
			attributes = {
				LastSwiftUpdateCheck = 1010;
				LastUpgradeCheck = 1010;
				ORGANIZATIONNAME = Shock;
				TargetAttributes = {
					7A7CDF5221EA1A11005E1893 = {
						CreatedOnToolsVersion = 10.1;
					};
					7A7CDF6621EA1A14005E1893 = {
						CreatedOnToolsVersion = 10.1;
						TestTargetID = 7A7CDF5221EA1A11005E1893;
					};
					7A7CDF7121EA1A14005E1893 = {
						CreatedOnToolsVersion = 10.1;
						TestTargetID = 7A7CDF5221EA1A11005E1893;
					};
				};
			};
			buildConfigurationList = 7A7CDF4E21EA1A11005E1893 /* Build configuration list for PBXProject "Othello" */;
			compatibilityVersion = "Xcode 9.3";
			developmentRegion = en;
			hasScannedForEncodings = 0;
			knownRegions = (
				en,
				Base,
			);
			mainGroup = 7A7CDF4A21EA1A11005E1893;
			productRefGroup = 7A7CDF5421EA1A11005E1893 /* Products */;
			projectDirPath = "";
			projectRoot = "";
			targets = (
				7A7CDF5221EA1A11005E1893 /* Othello */,
				7A7CDF6621EA1A14005E1893 /* OthelloTests */,
				7A7CDF7121EA1A14005E1893 /* OthelloUITests */,
			);
		};
/* End PBXProject section */

/* Begin PBXResourcesBuildPhase section */
		7A7CDF5121EA1A11005E1893 /* Resources */ = {
			isa = PBXResourcesBuildPhase;
			buildActionMask = 2147483647;
			files = (
				7A7CDF6121EA1A14005E1893 /* LaunchScreen.storyboard in Resources */,
				7A7CDF5E21EA1A14005E1893 /* Assets.xcassets in Resources */,
				7A7CDF8721EF47EE005E1893 /* 白石.png in Resources */,
				7A7CDF5C21EA1A11005E1893 /* Main.storyboard in Resources */,
				7A7CDF8521EF4595005E1893 /* 盤面.png in Resources */,
				7A7CDF8921EF480A005E1893 /* 黒石.png in Resources */,
			);
			runOnlyForDeploymentPostprocessing = 0;
		};
		7A7CDF6521EA1A14005E1893 /* Resources */ = {
			isa = PBXResourcesBuildPhase;
			buildActionMask = 2147483647;
			files = (
			);
			runOnlyForDeploymentPostprocessing = 0;
		};
		7A7CDF7021EA1A14005E1893 /* Resources */ = {
			isa = PBXResourcesBuildPhase;
			buildActionMask = 2147483647;
			files = (
			);
			runOnlyForDeploymentPostprocessing = 0;
		};
/* End PBXResourcesBuildPhase section */

/* Begin PBXSourcesBuildPhase section */
		7A7CDF4F21EA1A11005E1893 /* Sources */ = {
			isa = PBXSourcesBuildPhase;
			buildActionMask = 2147483647;
			files = (
				7A7CDF5921EA1A11005E1893 /* ViewController.swift in Sources */,
				7A7CDF5721EA1A11005E1893 /* AppDelegate.swift in Sources */,
			);
			runOnlyForDeploymentPostprocessing = 0;
		};
		7A7CDF6321EA1A14005E1893 /* Sources */ = {
			isa = PBXSourcesBuildPhase;
			buildActionMask = 2147483647;
			files = (
				7A7CDF6C21EA1A14005E1893 /* OthelloTests.swift in Sources */,
			);
			runOnlyForDeploymentPostprocessing = 0;
		};
		7A7CDF6E21EA1A14005E1893 /* Sources */ = {
			isa = PBXSourcesBuildPhase;
			buildActionMask = 2147483647;
			files = (
				7A7CDF7721EA1A14005E1893 /* OthelloUITests.swift in Sources */,
			);
			runOnlyForDeploymentPostprocessing = 0;
		};
/* End PBXSourcesBuildPhase section */

/* Begin PBXTargetDependency section */
		7A7CDF6921EA1A14005E1893 /* PBXTargetDependency */ = {
			isa = PBXTargetDependency;
			target = 7A7CDF5221EA1A11005E1893 /* Othello */;
			targetProxy = 7A7CDF6821EA1A14005E1893 /* PBXContainerItemProxy */;
		};
		7A7CDF7421EA1A14005E1893 /* PBXTargetDependency */ = {
			isa = PBXTargetDependency;
			target = 7A7CDF5221EA1A11005E1893 /* Othello */;
			targetProxy = 7A7CDF7321EA1A14005E1893 /* PBXContainerItemProxy */;
		};
/* End PBXTargetDependency section */

/* Begin PBXVariantGroup section */
		7A7CDF5A21EA1A11005E1893 /* Main.storyboard */ = {
			isa = PBXVariantGroup;
			children = (
				7A7CDF5B21EA1A11005E1893 /* Base */,
			);
			name = Main.storyboard;
			sourceTree = "<group>";
		};
		7A7CDF5F21EA1A14005E1893 /* LaunchScreen.storyboard */ = {
			isa = PBXVariantGroup;
			children = (
				7A7CDF6021EA1A14005E1893 /* Base */,
			);
			name = LaunchScreen.storyboard;
			sourceTree = "<group>";
		};
/* End PBXVariantGroup section */

/* Begin XCBuildConfiguration section */
		7A7CDF7921EA1A14005E1893 /* Debug */ = {
			isa = XCBuildConfiguration;
			buildSettings = {
				ALWAYS_SEARCH_USER_PATHS = NO;
				CLANG_ANALYZER_NONNULL = YES;
				CLANG_ANALYZER_NUMBER_OBJECT_CONVERSION = YES_AGGRESSIVE;
				CLANG_CXX_LANGUAGE_STANDARD = "gnu++14";
				CLANG_CXX_LIBRARY = "libc++";
				CLANG_ENABLE_MODULES = YES;
				CLANG_ENABLE_OBJC_ARC = YES;
				CLANG_ENABLE_OBJC_WEAK = YES;
				CLANG_WARN_BLOCK_CAPTURE_AUTORELEASING = YES;
				CLANG_WARN_BOOL_CONVERSION = YES;
				CLANG_WARN_COMMA = YES;
				CLANG_WARN_CONSTANT_CONVERSION = YES;
				CLANG_WARN_DEPRECATED_OBJC_IMPLEMENTATIONS = YES;
				CLANG_WARN_DIRECT_OBJC_ISA_USAGE = YES_ERROR;
				CLANG_WARN_DOCUMENTATION_COMMENTS = YES;
				CLANG_WARN_EMPTY_BODY = YES;
				CLANG_WARN_ENUM_CONVERSION = YES;
				CLANG_WARN_INFINITE_RECURSION = YES;
				CLANG_WARN_INT_CONVERSION = YES;
				CLANG_WARN_NON_LITERAL_NULL_CONVERSION = YES;
				CLANG_WARN_OBJC_IMPLICIT_RETAIN_SELF = YES;
				CLANG_WARN_OBJC_LITERAL_CONVERSION = YES;
				CLANG_WARN_OBJC_ROOT_CLASS = YES_ERROR;
				CLANG_WARN_RANGE_LOOP_ANALYSIS = YES;
				CLANG_WARN_STRICT_PROTOTYPES = YES;
				CLANG_WARN_SUSPICIOUS_MOVE = YES;
				CLANG_WARN_UNGUARDED_AVAILABILITY = YES_AGGRESSIVE;
				CLANG_WARN_UNREACHABLE_CODE = YES;
				CLANG_WARN__DUPLICATE_METHOD_MATCH = YES;
				CODE_SIGN_IDENTITY = "iPhone Developer";
				COPY_PHASE_STRIP = NO;
				DEBUG_INFORMATION_FORMAT = dwarf;
				ENABLE_STRICT_OBJC_MSGSEND = YES;
				ENABLE_TESTABILITY = YES;
				GCC_C_LANGUAGE_STANDARD = gnu11;
				GCC_DYNAMIC_NO_PIC = NO;
				GCC_NO_COMMON_BLOCKS = YES;
				GCC_OPTIMIZATION_LEVEL = 0;
				GCC_PREPROCESSOR_DEFINITIONS = (
					"DEBUG=1",
					"$(inherited)",
				);
				GCC_WARN_64_TO_32_BIT_CONVERSION = YES;
				GCC_WARN_ABOUT_RETURN_TYPE = YES_ERROR;
				GCC_WARN_UNDECLARED_SELECTOR = YES;
				GCC_WARN_UNINITIALIZED_AUTOS = YES_AGGRESSIVE;
				GCC_WARN_UNUSED_FUNCTION = YES;
				GCC_WARN_UNUSED_VARIABLE = YES;
				IPHONEOS_DEPLOYMENT_TARGET = 12.1;
				MTL_ENABLE_DEBUG_INFO = INCLUDE_SOURCE;
				MTL_FAST_MATH = YES;
				ONLY_ACTIVE_ARCH = YES;
				SDKROOT = iphoneos;
				SWIFT_ACTIVE_COMPILATION_CONDITIONS = DEBUG;
				SWIFT_OPTIMIZATION_LEVEL = "-Onone";
			};
			name = Debug;
		};
		7A7CDF7A21EA1A14005E1893 /* Release */ = {
			isa = XCBuildConfiguration;
			buildSettings = {
				ALWAYS_SEARCH_USER_PATHS = NO;
				CLANG_ANALYZER_NONNULL = YES;
				CLANG_ANALYZER_NUMBER_OBJECT_CONVERSION = YES_AGGRESSIVE;
				CLANG_CXX_LANGUAGE_STANDARD = "gnu++14";
				CLANG_CXX_LIBRARY = "libc++";
				CLANG_ENABLE_MODULES = YES;
				CLANG_ENABLE_OBJC_ARC = YES;
				CLANG_ENABLE_OBJC_WEAK = YES;
				CLANG_WARN_BLOCK_CAPTURE_AUTORELEASING = YES;
				CLANG_WARN_BOOL_CONVERSION = YES;
				CLANG_WARN_COMMA = YES;
				CLANG_WARN_CONSTANT_CONVERSION = YES;
				CLANG_WARN_DEPRECATED_OBJC_IMPLEMENTATIONS = YES;
				CLANG_WARN_DIRECT_OBJC_ISA_USAGE = YES_ERROR;
				CLANG_WARN_DOCUMENTATION_COMMENTS = YES;
				CLANG_WARN_EMPTY_BODY = YES;
				CLANG_WARN_ENUM_CONVERSION = YES;
				CLANG_WARN_INFINITE_RECURSION = YES;
				CLANG_WARN_INT_CONVERSION = YES;
				CLANG_WARN_NON_LITERAL_NULL_CONVERSION = YES;
				CLANG_WARN_OBJC_IMPLICIT_RETAIN_SELF = YES;
				CLANG_WARN_OBJC_LITERAL_CONVERSION = YES;
				CLANG_WARN_OBJC_ROOT_CLASS = YES_ERROR;
				CLANG_WARN_RANGE_LOOP_ANALYSIS = YES;
				CLANG_WARN_STRICT_PROTOTYPES = YES;
				CLANG_WARN_SUSPICIOUS_MOVE = YES;
				CLANG_WARN_UNGUARDED_AVAILABILITY = YES_AGGRESSIVE;
				CLANG_WARN_UNREACHABLE_CODE = YES;
				CLANG_WARN__DUPLICATE_METHOD_MATCH = YES;
				CODE_SIGN_IDENTITY = "iPhone Developer";
				COPY_PHASE_STRIP = NO;
				DEBUG_INFORMATION_FORMAT = "dwarf-with-dsym";
				ENABLE_NS_ASSERTIONS = NO;
				ENABLE_STRICT_OBJC_MSGSEND = YES;
				GCC_C_LANGUAGE_STANDARD = gnu11;
				GCC_NO_COMMON_BLOCKS = YES;
				GCC_WARN_64_TO_32_BIT_CONVERSION = YES;
				GCC_WARN_ABOUT_RETURN_TYPE = YES_ERROR;
				GCC_WARN_UNDECLARED_SELECTOR = YES;
				GCC_WARN_UNINITIALIZED_AUTOS = YES_AGGRESSIVE;
				GCC_WARN_UNUSED_FUNCTION = YES;
				GCC_WARN_UNUSED_VARIABLE = YES;
				IPHONEOS_DEPLOYMENT_TARGET = 12.1;
				MTL_ENABLE_DEBUG_INFO = NO;
				MTL_FAST_MATH = YES;
				SDKROOT = iphoneos;
				SWIFT_COMPILATION_MODE = wholemodule;
				SWIFT_OPTIMIZATION_LEVEL = "-O";
				VALIDATE_PRODUCT = YES;
			};
			name = Release;
		};
		7A7CDF7C21EA1A14005E1893 /* Debug */ = {
			isa = XCBuildConfiguration;
			buildSettings = {
				ASSETCATALOG_COMPILER_APPICON_NAME = AppIcon;
				CODE_SIGN_STYLE = Automatic;
				INFOPLIST_FILE = Othello/Info.plist;
				IPHONEOS_DEPLOYMENT_TARGET = 10.3;
				LD_RUNPATH_SEARCH_PATHS = (
					"$(inherited)",
					"@executable_path/Frameworks",
				);
				PRODUCT_BUNDLE_IDENTIFIER = shock.Othello;
				PRODUCT_NAME = "$(TARGET_NAME)";
				SWIFT_VERSION = 4.2;
				TARGETED_DEVICE_FAMILY = "1,2";
			};
			name = Debug;
		};
		7A7CDF7D21EA1A14005E1893 /* Release */ = {
			isa = XCBuildConfiguration;
			buildSettings = {
				ASSETCATALOG_COMPILER_APPICON_NAME = AppIcon;
				CODE_SIGN_STYLE = Automatic;
				INFOPLIST_FILE = Othello/Info.plist;
				IPHONEOS_DEPLOYMENT_TARGET = 10.3;
				LD_RUNPATH_SEARCH_PATHS = (
					"$(inherited)",
					"@executable_path/Frameworks",
				);
				PRODUCT_BUNDLE_IDENTIFIER = shock.Othello;
				PRODUCT_NAME = "$(TARGET_NAME)";
				SWIFT_VERSION = 4.2;
				TARGETED_DEVICE_FAMILY = "1,2";
			};
			name = Release;
		};
		7A7CDF7F21EA1A14005E1893 /* Debug */ = {
			isa = XCBuildConfiguration;
			buildSettings = {
				ALWAYS_EMBED_SWIFT_STANDARD_LIBRARIES = YES;
				BUNDLE_LOADER = "$(TEST_HOST)";
				CODE_SIGN_STYLE = Automatic;
				INFOPLIST_FILE = OthelloTests/Info.plist;
				LD_RUNPATH_SEARCH_PATHS = (
					"$(inherited)",
					"@executable_path/Frameworks",
					"@loader_path/Frameworks",
				);
				PRODUCT_BUNDLE_IDENTIFIER = shock.OthelloTests;
				PRODUCT_NAME = "$(TARGET_NAME)";
				SWIFT_VERSION = 4.2;
				TARGETED_DEVICE_FAMILY = "1,2";
				TEST_HOST = "$(BUILT_PRODUCTS_DIR)/Othello.app/Othello";
			};
			name = Debug;
		};
		7A7CDF8021EA1A14005E1893 /* Release */ = {
			isa = XCBuildConfiguration;
			buildSettings = {
				ALWAYS_EMBED_SWIFT_STANDARD_LIBRARIES = YES;
				BUNDLE_LOADER = "$(TEST_HOST)";
				CODE_SIGN_STYLE = Automatic;
				INFOPLIST_FILE = OthelloTests/Info.plist;
				LD_RUNPATH_SEARCH_PATHS = (
					"$(inherited)",
					"@executable_path/Frameworks",
					"@loader_path/Frameworks",
				);
				PRODUCT_BUNDLE_IDENTIFIER = shock.OthelloTests;
				PRODUCT_NAME = "$(TARGET_NAME)";
				SWIFT_VERSION = 4.2;
				TARGETED_DEVICE_FAMILY = "1,2";
				TEST_HOST = "$(BUILT_PRODUCTS_DIR)/Othello.app/Othello";
			};
			name = Release;
		};
		7A7CDF8221EA1A14005E1893 /* Debug */ = {
			isa = XCBuildConfiguration;
			buildSettings = {
				ALWAYS_EMBED_SWIFT_STANDARD_LIBRARIES = YES;
				CODE_SIGN_STYLE = Automatic;
				INFOPLIST_FILE = OthelloUITests/Info.plist;
				LD_RUNPATH_SEARCH_PATHS = (
					"$(inherited)",
					"@executable_path/Frameworks",
					"@loader_path/Frameworks",
				);
				PRODUCT_BUNDLE_IDENTIFIER = shock.OthelloUITests;
				PRODUCT_NAME = "$(TARGET_NAME)";
				SWIFT_VERSION = 4.2;
				TARGETED_DEVICE_FAMILY = "1,2";
				TEST_TARGET_NAME = Othello;
			};
			name = Debug;
		};
		7A7CDF8321EA1A14005E1893 /* Release */ = {
			isa = XCBuildConfiguration;
			buildSettings = {
				ALWAYS_EMBED_SWIFT_STANDARD_LIBRARIES = YES;
				CODE_SIGN_STYLE = Automatic;
				INFOPLIST_FILE = OthelloUITests/Info.plist;
				LD_RUNPATH_SEARCH_PATHS = (
					"$(inherited)",
					"@executable_path/Frameworks",
					"@loader_path/Frameworks",
				);
				PRODUCT_BUNDLE_IDENTIFIER = shock.OthelloUITests;
				PRODUCT_NAME = "$(TARGET_NAME)";
				SWIFT_VERSION = 4.2;
				TARGETED_DEVICE_FAMILY = "1,2";
				TEST_TARGET_NAME = Othello;
			};
			name = Release;
		};
/* End XCBuildConfiguration section */

/* Begin XCConfigurationList section */
		7A7CDF4E21EA1A11005E1893 /* Build configuration list for PBXProject "Othello" */ = {
			isa = XCConfigurationList;
			buildConfigurations = (
				7A7CDF7921EA1A14005E1893 /* Debug */,
				7A7CDF7A21EA1A14005E1893 /* Release */,
			);
			defaultConfigurationIsVisible = 0;
			defaultConfigurationName = Release;
		};
		7A7CDF7B21EA1A14005E1893 /* Build configuration list for PBXNativeTarget "Othello" */ = {
			isa = XCConfigurationList;
			buildConfigurations = (
				7A7CDF7C21EA1A14005E1893 /* Debug */,
				7A7CDF7D21EA1A14005E1893 /* Release */,
			);
			defaultConfigurationIsVisible = 0;
			defaultConfigurationName = Release;
		};
		7A7CDF7E21EA1A14005E1893 /* Build configuration list for PBXNativeTarget "OthelloTests" */ = {
			isa = XCConfigurationList;
			buildConfigurations = (
				7A7CDF7F21EA1A14005E1893 /* Debug */,
				7A7CDF8021EA1A14005E1893 /* Release */,
			);
			defaultConfigurationIsVisible = 0;
			defaultConfigurationName = Release;
		};
		7A7CDF8121EA1A14005E1893 /* Build configuration list for PBXNativeTarget "OthelloUITests" */ = {
			isa = XCConfigurationList;
			buildConfigurations = (
				7A7CDF8221EA1A14005E1893 /* Debug */,
				7A7CDF8321EA1A14005E1893 /* Release */,
			);
			defaultConfigurationIsVisible = 0;
			defaultConfigurationName = Release;
		};
/* End XCConfigurationList section */
	};
	rootObject = 7A7CDF4B21EA1A11005E1893 /* Project object */;
}
